
Microsoft Visual Studio Solution File, Format Version 12.00
# Visual Studio Version 16
VisualStudioVersion = 16.0.29609.76
MinimumVisualStudioVersion = 10.0.40219.1
Project("{FAE04EC0-301F-11D3-BF4B-00C04F79EFBC}") = "FileReceiver", "FileReceiver\FileReceiver.csproj", "{44523E40-2B19-4AA7-9708-16025F2ECC7E}"
EndProject
Global
	GlobalSection(SolutionConfigurationPlatforms) = preSolution
		Debug|Any CPU = Debug|Any CPU
		Release|Any CPU = Release|Any CPU
	EndGlobalSection
	GlobalSection(ProjectConfigurationPlatforms) = postSolution
		{44523E40-2B19-4AA7-9708-16025F2ECC7E}.Debug|Any CPU.ActiveCfg = Debug|Any CPU
		{44523E40-2B19-4AA7-9708-16025F2ECC7E}.Debug|Any CPU.Build.0 = Debug|Any CPU
		{44523E40-2B19-4AA7-9708-16025F2ECC7E}.Release|Any CPU.ActiveCfg = Release|Any CPU
		{44523E40-2B19-4AA7-9708-16025F2ECC7E}.Release|Any CPU.Build.0 = Release|Any CPU
	EndGlobalSection
	GlobalSection(SolutionProperties) = preSolution
		HideSolutionNode = FALSE
	EndGlobalSection
	GlobalSection(ExtensibilityGlobals) = postSolution
		SolutionGuid = {AC3DA4FF-0FB9-4BD6-A498-6A0E7C97DDFD}
	EndGlobalSection
EndGlobal
