
Microsoft Visual Studio Solution File, Format Version 12.00
# Visual Studio Version 16
VisualStudioVersion = 16.0.29609.76
MinimumVisualStudioVersion = 10.0.40219.1
Project("{FAE04EC0-301F-11D3-BF4B-00C04F79EFBC}") = "FUP", "FUP\FUP.csproj", "{9E014485-D7C5-4DE8-B4C5-1DC99C9221CD}"
EndProject
Global
	GlobalSection(SolutionConfigurationPlatforms) = preSolution
		Debug|Any CPU = Debug|Any CPU
		Release|Any CPU = Release|Any CPU
	EndGlobalSection
	GlobalSection(ProjectConfigurationPlatforms) = postSolution
		{9E014485-D7C5-4DE8-B4C5-1DC99C9221CD}.Debug|Any CPU.ActiveCfg = Debug|Any CPU
		{9E014485-D7C5-4DE8-B4C5-1DC99C9221CD}.Debug|Any CPU.Build.0 = Debug|Any CPU
		{9E014485-D7C5-4DE8-B4C5-1DC99C9221CD}.Release|Any CPU.ActiveCfg = Release|Any CPU
		{9E014485-D7C5-4DE8-B4C5-1DC99C9221CD}.Release|Any CPU.Build.0 = Release|Any CPU
	EndGlobalSection
	GlobalSection(SolutionProperties) = preSolution
		HideSolutionNode = FALSE
	EndGlobalSection
	GlobalSection(ExtensibilityGlobals) = postSolution
		SolutionGuid = {54F8CDEB-609E-4153-963A-4445ACF44DC8}
	EndGlobalSection
EndGlobal
